
Microsoft Visual Studio Solution File, Format Version 12.00
# Visual Studio Version 17
VisualStudioVersion = 17.4.33122.133
MinimumVisualStudioVersion = 10.0.40219.1
Project("{FAE04EC0-301F-11D3-BF4B-00C04F79EFBC}") = "ConsoleUI", "ConsoleUI\ConsoleUI.csproj", "{AE8A230A-E12F-4CA9-AA4B-E6B61648227F}"
EndProject
Project("{FAE04EC0-301F-11D3-BF4B-00C04F79EFBC}") = "BattleShipLiteLibrary", "BattleShipLiteLibrary\BattleShipLiteLibrary.csproj", "{4FB061A2-3B59-4944-90E1-9E09736547C6}"
EndProject
Global
	GlobalSection(SolutionConfigurationPlatforms) = preSolution
		Debug|Any CPU = Debug|Any CPU
		Release|Any CPU = Release|Any CPU
	EndGlobalSection
	GlobalSection(ProjectConfigurationPlatforms) = postSolution
		{AE8A230A-E12F-4CA9-AA4B-E6B61648227F}.Debug|Any CPU.ActiveCfg = Debug|Any CPU
		{AE8A230A-E12F-4CA9-AA4B-E6B61648227F}.Debug|Any CPU.Build.0 = Debug|Any CPU
		{AE8A230A-E12F-4CA9-AA4B-E6B61648227F}.Release|Any CPU.ActiveCfg = Release|Any CPU
		{AE8A230A-E12F-4CA9-AA4B-E6B61648227F}.Release|Any CPU.Build.0 = Release|Any CPU
		{4FB061A2-3B59-4944-90E1-9E09736547C6}.Debug|Any CPU.ActiveCfg = Debug|Any CPU
		{4FB061A2-3B59-4944-90E1-9E09736547C6}.Debug|Any CPU.Build.0 = Debug|Any CPU
		{4FB061A2-3B59-4944-90E1-9E09736547C6}.Release|Any CPU.ActiveCfg = Release|Any CPU
		{4FB061A2-3B59-4944-90E1-9E09736547C6}.Release|Any CPU.Build.0 = Release|Any CPU
	EndGlobalSection
	GlobalSection(SolutionProperties) = preSolution
		HideSolutionNode = FALSE
	EndGlobalSection
	GlobalSection(ExtensibilityGlobals) = postSolution
		SolutionGuid = {5739602F-5E51-4B4A-9572-60A96E90C7E7}
	EndGlobalSection
EndGlobal
